
Microsoft Visual Studio Solution File, Format Version 12.00
# Visual Studio Version 17
VisualStudioVersion = 17.14.36616.10 d17.14
MinimumVisualStudioVersion = 10.0.40219.1
Project("{FAE04EC0-301F-11D3-BF4B-00C04F79EFBC}") = "FideleWeb", "FideleWeb\FideleWeb.csproj", "{0CF5F9C3-40DC-4ED5-A210-C39E8B85FB98}"
EndProject
Global
	GlobalSection(SolutionConfigurationPlatforms) = preSolution
		Debug|Any CPU = Debug|Any CPU
		Release|Any CPU = Release|Any CPU
	EndGlobalSection
	GlobalSection(ProjectConfigurationPlatforms) = postSolution
		{0CF5F9C3-40DC-4ED5-A210-C39E8B85FB98}.Debug|Any CPU.ActiveCfg = Debug|Any CPU
		{0CF5F9C3-40DC-4ED5-A210-C39E8B85FB98}.Debug|Any CPU.Build.0 = Debug|Any CPU
		{0CF5F9C3-40DC-4ED5-A210-C39E8B85FB98}.Release|Any CPU.ActiveCfg = Release|Any CPU
		{0CF5F9C3-40DC-4ED5-A210-C39E8B85FB98}.Release|Any CPU.Build.0 = Release|Any CPU
	EndGlobalSection
	GlobalSection(SolutionProperties) = preSolution
		HideSolutionNode = FALSE
	EndGlobalSection
	GlobalSection(ExtensibilityGlobals) = postSolution
		SolutionGuid = {96D21D67-DC54-4364-B139-7CD13625DDF0}
	EndGlobalSection
EndGlobal
